{
  "requires": true,
  "lockfileVersion": 1,
  "dependencies": {
    "qweather-icons": {
      "version": "1.3.1",
      "resolved": "http://npm.ztosys.com/qweather-icons/-/qweather-icons-1.3.1.tgz",
      "integrity": "sha512-/GCH9FTf8KtTHL1ZgebVyBlBduGOLn3uFlYgwToN/nLZ1heAnUY2csWzK7pqNGBv5yeeeSZ00kPxHRFcaiElSA=="
    }
  }
}
